
Microsoft Visual Studio Solution File, Format Version 12.00
# Visual Studio Version 17
VisualStudioVersion = 17.7.34031.279
MinimumVisualStudioVersion = 10.0.40219.1
Project("{FAE04EC0-301F-11D3-BF4B-00C04F79EFBC}") = "QuanLiSinhVien", "QuanLiSinhVien.csproj", "{2F7F0FE6-3E49-407B-A646-09287A24C062}"
EndProject
Global
	GlobalSection(SolutionConfigurationPlatforms) = preSolution
		Debug|Any CPU = Debug|Any CPU
		Release|Any CPU = Release|Any CPU
	EndGlobalSection
	GlobalSection(ProjectConfigurationPlatforms) = postSolution
		{2F7F0FE6-3E49-407B-A646-09287A24C062}.Debug|Any CPU.ActiveCfg = Debug|Any CPU
		{2F7F0FE6-3E49-407B-A646-09287A24C062}.Debug|Any CPU.Build.0 = Debug|Any CPU
		{2F7F0FE6-3E49-407B-A646-09287A24C062}.Release|Any CPU.ActiveCfg = Release|Any CPU
		{2F7F0FE6-3E49-407B-A646-09287A24C062}.Release|Any CPU.Build.0 = Release|Any CPU
	EndGlobalSection
	GlobalSection(SolutionProperties) = preSolution
		HideSolutionNode = FALSE
	EndGlobalSection
	GlobalSection(ExtensibilityGlobals) = postSolution
		SolutionGuid = {2E9D75DC-739E-4F76-87F5-5EEA7E3872DB}
	EndGlobalSection
EndGlobal
